{
  "pins" : [
    {
      "identity" : "pentabarfkit",
      "kind" : "remoteSourceControl",
      "location" : "https://github.com/SMillerDev/PentabarfKit",
      "state" : {
        "branch" : "main",
        "revision" : "1b418ad6c833264eaf6a9218a855a27827365228"
      }
    },
    {
      "identity" : "swift-algorithms",
      "kind" : "remoteSourceControl",
      "location" : "https://github.com/apple/swift-algorithms",
      "state" : {
        "revision" : "f6919dfc309e7f1b56224378b11e28bab5bccc42",
        "version" : "1.2.0"
      }
    },
    {
      "identity" : "swift-numerics",
      "kind" : "remoteSourceControl",
      "location" : "https://github.com/apple/swift-numerics.git",
      "state" : {
        "revision" : "0a5bc04095a675662cf24757cc0640aa2204253b",
        "version" : "1.0.2"
      }
    },
    {
      "identity" : "swiftdata-sectionedquery",
      "kind" : "remoteSourceControl",
      "location" : "https://github.com/Whiffer/swiftdata-sectionedquery",
      "state" : {
        "branch" : "main",
        "revision" : "958835024bffa9ee8a995b34ba1821e6358c041f"
      }
    },
    {
      "identity" : "swiftyxmlparser",
      "kind" : "remoteSourceControl",
      "location" : "https://github.com/yahoojapan/SwiftyXMLParser.git",
      "state" : {
        "revision" : "d7a1d23f04c86c1cd2e8f19247dd15d74e0ea8be",
        "version" : "5.6.0"
      }
    }
  ],
  "version" : 2
}
