PODS:
  - Alamofire (4.8.2)
  - SwiftyXMLParser (5.0.0)

DEPENDENCIES:
  - Alamofire (~> 4.8)
  - SwiftyXMLParser (~> 5.0)

SPEC REPOS:
  https://github.com/cocoapods/specs.git:
    - Alamofire
    - SwiftyXMLParser

SPEC CHECKSUMS:
  Alamofire: ae5c501addb7afdbb13687d7f2f722c78734c2d3
  SwiftyXMLParser: 5ebb8793192f403fa8cc691045143906122a7a75

PODFILE CHECKSUM: 289a0d5bc6ce29acd33acff8d55d69b3d974510c

COCOAPODS: 1.6.1
